
Microsoft Visual Studio Solution File, Format Version 12.00
# Visual Studio Version 16
VisualStudioVersion = 16.0.31229.75
MinimumVisualStudioVersion = 10.0.40219.1
Project("{8BC9CEB8-8B4A-11D0-8D11-00A0C91BC942}") = "AISD_Lab5", "AISD_Lab5.vcxproj", "{237123A1-EEFC-4EC3-9543-27084267982B}"
EndProject
Global
	GlobalSection(SolutionConfigurationPlatforms) = preSolution
		Debug|x64 = Debug|x64
		Debug|x86 = Debug|x86
		Release|x64 = Release|x64
		Release|x86 = Release|x86
	EndGlobalSection
	GlobalSection(ProjectConfigurationPlatforms) = postSolution
		{237123A1-EEFC-4EC3-9543-27084267982B}.Debug|x64.ActiveCfg = Debug|x64
		{237123A1-EEFC-4EC3-9543-27084267982B}.Debug|x64.Build.0 = Debug|x64
		{237123A1-EEFC-4EC3-9543-27084267982B}.Debug|x86.ActiveCfg = Debug|Win32
		{237123A1-EEFC-4EC3-9543-27084267982B}.Debug|x86.Build.0 = Debug|Win32
		{237123A1-EEFC-4EC3-9543-27084267982B}.Release|x64.ActiveCfg = Release|x64
		{237123A1-EEFC-4EC3-9543-27084267982B}.Release|x64.Build.0 = Release|x64
		{237123A1-EEFC-4EC3-9543-27084267982B}.Release|x86.ActiveCfg = Release|Win32
		{237123A1-EEFC-4EC3-9543-27084267982B}.Release|x86.Build.0 = Release|Win32
	EndGlobalSection
	GlobalSection(SolutionProperties) = preSolution
		HideSolutionNode = FALSE
	EndGlobalSection
	GlobalSection(ExtensibilityGlobals) = postSolution
		SolutionGuid = {05094A45-8250-443D-81C0-A410682D5093}
	EndGlobalSection
EndGlobal
