
Microsoft Visual Studio Solution File, Format Version 12.00
# Visual Studio Version 16
VisualStudioVersion = 16.0.31205.134
MinimumVisualStudioVersion = 10.0.40219.1
Project("{8BC9CEB8-8B4A-11D0-8D11-00A0C91BC942}") = "AISD_Lab4", "AISD_Lab4.vcxproj", "{762CD2B4-8625-4FF7-974B-62814CCFC99F}"
EndProject
Global
	GlobalSection(SolutionConfigurationPlatforms) = preSolution
		Debug|x64 = Debug|x64
		Debug|x86 = Debug|x86
		Release|x64 = Release|x64
		Release|x86 = Release|x86
	EndGlobalSection
	GlobalSection(ProjectConfigurationPlatforms) = postSolution
		{762CD2B4-8625-4FF7-974B-62814CCFC99F}.Debug|x64.ActiveCfg = Debug|x64
		{762CD2B4-8625-4FF7-974B-62814CCFC99F}.Debug|x64.Build.0 = Debug|x64
		{762CD2B4-8625-4FF7-974B-62814CCFC99F}.Debug|x86.ActiveCfg = Debug|Win32
		{762CD2B4-8625-4FF7-974B-62814CCFC99F}.Debug|x86.Build.0 = Debug|Win32
		{762CD2B4-8625-4FF7-974B-62814CCFC99F}.Release|x64.ActiveCfg = Release|x64
		{762CD2B4-8625-4FF7-974B-62814CCFC99F}.Release|x64.Build.0 = Release|x64
		{762CD2B4-8625-4FF7-974B-62814CCFC99F}.Release|x86.ActiveCfg = Release|Win32
		{762CD2B4-8625-4FF7-974B-62814CCFC99F}.Release|x86.Build.0 = Release|Win32
	EndGlobalSection
	GlobalSection(SolutionProperties) = preSolution
		HideSolutionNode = FALSE
	EndGlobalSection
	GlobalSection(ExtensibilityGlobals) = postSolution
		SolutionGuid = {DCFDFC01-ABB9-437D-B6AD-BED8A77CF4A6}
	EndGlobalSection
EndGlobal
